{
  "requires": true,
  "lockfileVersion": 1,
  "dependencies": {
    "react-jutsu": {
      "version": "3.0.1",
      "resolved": "https://registry.npmjs.org/react-jutsu/-/react-jutsu-3.0.1.tgz",
      "integrity": "sha512-jLIvAc2iAE7rwyAwwdVGc9kpcIuB2LETieVwEU9NmdE4lIKrRH93bsBfHq5z09IoNuLTqpCKy6Sn4/Hysz9pyg=="
    }
  }
}
