# THIS IS AN AUTOGENERATED FILE. DO NOT EDIT THIS FILE DIRECTLY.
# yarn lockfile v1


react-jutsu@^3.0.1:
  version "3.0.1"
  resolved "https://registry.yarnpkg.com/react-jutsu/-/react-jutsu-3.0.1.tgz#85efc26df83e8ccb5a00ba90e7f942b5c0af147b"
  integrity sha512-jLIvAc2iAE7rwyAwwdVGc9kpcIuB2LETieVwEU9NmdE4lIKrRH93bsBfHq5z09IoNuLTqpCKy6Sn4/Hysz9pyg==
